
Microsoft Visual Studio Solution File, Format Version 12.00
# Visual Studio Version 17
VisualStudioVersion = 17.11.35303.130
MinimumVisualStudioVersion = 10.0.40219.1
Project("{2150E333-8FDC-42A3-9474-1A3956D46DE8}") = "FrontEnd", "FrontEnd", "{C552B76E-397D-4CD1-8D9B-DEEC68038B1C}"
EndProject
Project("{2150E333-8FDC-42A3-9474-1A3956D46DE8}") = "Services", "Services", "{B4062E64-1779-4E71-87D1-025C886B7C24}"
EndProject
Project("{FAE04EC0-301F-11D3-BF4B-00C04F79EFBC}") = "GeekShopping.Web", "GeekShopping.Web\GeekShopping.Web.csproj", "{0C64DA7C-5F73-4EB9-8012-5CAAE362F76D}"
EndProject
Project("{FAE04EC0-301F-11D3-BF4B-00C04F79EFBC}") = "GeekShopping.ProductAPI", "GeekShopping.ProductAPI\GeekShopping.ProductAPI.csproj", "{74295482-0BDD-40ED-8AAB-A2DB930B92F9}"
EndProject
Global
	GlobalSection(SolutionConfigurationPlatforms) = preSolution
		Debug|Any CPU = Debug|Any CPU
		Release|Any CPU = Release|Any CPU
	EndGlobalSection
	GlobalSection(ProjectConfigurationPlatforms) = postSolution
		{0C64DA7C-5F73-4EB9-8012-5CAAE362F76D}.Debug|Any CPU.ActiveCfg = Debug|Any CPU
		{0C64DA7C-5F73-4EB9-8012-5CAAE362F76D}.Debug|Any CPU.Build.0 = Debug|Any CPU
		{0C64DA7C-5F73-4EB9-8012-5CAAE362F76D}.Release|Any CPU.ActiveCfg = Release|Any CPU
		{0C64DA7C-5F73-4EB9-8012-5CAAE362F76D}.Release|Any CPU.Build.0 = Release|Any CPU
		{74295482-0BDD-40ED-8AAB-A2DB930B92F9}.Debug|Any CPU.ActiveCfg = Debug|Any CPU
		{74295482-0BDD-40ED-8AAB-A2DB930B92F9}.Debug|Any CPU.Build.0 = Debug|Any CPU
		{74295482-0BDD-40ED-8AAB-A2DB930B92F9}.Release|Any CPU.ActiveCfg = Release|Any CPU
		{74295482-0BDD-40ED-8AAB-A2DB930B92F9}.Release|Any CPU.Build.0 = Release|Any CPU
	EndGlobalSection
	GlobalSection(SolutionProperties) = preSolution
		HideSolutionNode = FALSE
	EndGlobalSection
	GlobalSection(NestedProjects) = preSolution
		{0C64DA7C-5F73-4EB9-8012-5CAAE362F76D} = {C552B76E-397D-4CD1-8D9B-DEEC68038B1C}
		{74295482-0BDD-40ED-8AAB-A2DB930B92F9} = {B4062E64-1779-4E71-87D1-025C886B7C24}
	EndGlobalSection
	GlobalSection(ExtensibilityGlobals) = postSolution
		SolutionGuid = {D164B7C1-9762-47FA-8EDA-03E02D3CBF69}
	EndGlobalSection
EndGlobal
